
Microsoft Visual Studio Solution File, Format Version 12.00
# Visual Studio Version 17
VisualStudioVersion = 17.7.34221.43
MinimumVisualStudioVersion = 10.0.40219.1
Project("{9A19103F-16F7-4668-BE54-9A1E7A4F7556}") = "DAir_Airlines", "DAir_Airlines\DAir_Airlines.csproj", "{589F72D4-5A0F-4298-9955-EC49B41F30C1}"
EndProject
Project("{9A19103F-16F7-4668-BE54-9A1E7A4F7556}") = "Database", "Database\Database.csproj", "{F33F76C7-35B0-404B-B6CE-E90B2597F4FE}"
EndProject
Global
	GlobalSection(SolutionConfigurationPlatforms) = preSolution
		Debug|Any CPU = Debug|Any CPU
		Release|Any CPU = Release|Any CPU
	EndGlobalSection
	GlobalSection(ProjectConfigurationPlatforms) = postSolution
		{589F72D4-5A0F-4298-9955-EC49B41F30C1}.Debug|Any CPU.ActiveCfg = Debug|Any CPU
		{589F72D4-5A0F-4298-9955-EC49B41F30C1}.Debug|Any CPU.Build.0 = Debug|Any CPU
		{589F72D4-5A0F-4298-9955-EC49B41F30C1}.Release|Any CPU.ActiveCfg = Release|Any CPU
		{589F72D4-5A0F-4298-9955-EC49B41F30C1}.Release|Any CPU.Build.0 = Release|Any CPU
		{F33F76C7-35B0-404B-B6CE-E90B2597F4FE}.Debug|Any CPU.ActiveCfg = Debug|Any CPU
		{F33F76C7-35B0-404B-B6CE-E90B2597F4FE}.Debug|Any CPU.Build.0 = Debug|Any CPU
		{F33F76C7-35B0-404B-B6CE-E90B2597F4FE}.Release|Any CPU.ActiveCfg = Release|Any CPU
		{F33F76C7-35B0-404B-B6CE-E90B2597F4FE}.Release|Any CPU.Build.0 = Release|Any CPU
	EndGlobalSection
	GlobalSection(SolutionProperties) = preSolution
		HideSolutionNode = FALSE
	EndGlobalSection
	GlobalSection(ExtensibilityGlobals) = postSolution
		SolutionGuid = {ED294FDB-CAF1-4D48-9A37-5D57F57DD16F}
	EndGlobalSection
EndGlobal
